// !$*UTF8*$!
{
	archiveVersion = 1;
	classes = {
	};
	objectVersion = 46;
	objects = {

/* Begin PBXBuildFile section */
		98F5D9F11A35081C00140BED /* AppDelegate.swift in Sources */ = {isa = PBXBuildFile; fileRef = 98F5D9F01A35081C00140BED /* AppDelegate.swift */; };
		98F5D9F31A35081C00140BED /* GameScene.sks in Resources */ = {isa = PBXBuildFile; fileRef = 98F5D9F21A35081C00140BED /* GameScene.sks */; };
		98F5D9F51A35081C00140BED /* GameScene.swift in Sources */ = {isa = PBXBuildFile; fileRef = 98F5D9F41A35081C00140BED /* GameScene.swift */; };
		98F5D9F71A35081C00140BED /* GameViewController.swift in Sources */ = {isa = PBXBuildFile; fileRef = 98F5D9F61A35081C00140BED /* GameViewController.swift */; };
		98F5D9FA1A35081C00140BED /* Main.storyboard in Resources */ = {isa = PBXBuildFile; fileRef = 98F5D9F81A35081C00140BED /* Main.storyboard */; };
		98F5D9FC1A35081C00140BED /* Images.xcassets in Resources */ = {isa = PBXBuildFile; fileRef = 98F5D9FB1A35081C00140BED /* Images.xcassets */; };
		98F5D9FF1A35081C00140BED /* LaunchScreen.xib in Resources */ = {isa = PBXBuildFile; fileRef = 98F5D9FD1A35081C00140BED /* LaunchScreen.xib */; };
		98F5DA0B1A35081C00140BED /* SwiftrisTests.swift in Sources */ = {isa = PBXBuildFile; fileRef = 98F5DA0A1A35081C00140BED /* SwiftrisTests.swift */; };
/* End PBXBuildFile section */

/* Begin PBXContainerItemProxy section */
		98F5DA051A35081C00140BED /* PBXContainerItemProxy */ = {
			isa = PBXContainerItemProxy;
			containerPortal = 98F5D9E31A35081C00140BED /* Project object */;
			proxyType = 1;
			remoteGlobalIDString = 98F5D9EA1A35081C00140BED;
			remoteInfo = Swiftris;
		};
/* End PBXContainerItemProxy section */

/* Begin PBXFileReference section */
		98F5D9EB1A35081C00140BED /* Swiftris.app */ = {isa = PBXFileReference; explicitFileType = wrapper.application; includeInIndex = 0; path = Swiftris.app; sourceTree = BUILT_PRODUCTS_DIR; };
		98F5D9EF1A35081C00140BED /* Info.plist */ = {isa = PBXFileReference; lastKnownFileType = text.plist.xml; path = Info.plist; sourceTree = "<group>"; };
		98F5D9F01A35081C00140BED /* AppDelegate.swift */ = {isa = PBXFileReference; lastKnownFileType = sourcecode.swift; path = AppDelegate.swift; sourceTree = "<group>"; };
		98F5D9F21A35081C00140BED /* GameScene.sks */ = {isa = PBXFileReference; lastKnownFileType = file.sks; path = GameScene.sks; sourceTree = "<group>"; };
		98F5D9F41A35081C00140BED /* GameScene.swift */ = {isa = PBXFileReference; lastKnownFileType = sourcecode.swift; path = GameScene.swift; sourceTree = "<group>"; };
		98F5D9F61A35081C00140BED /* GameViewController.swift */ = {isa = PBXFileReference; lastKnownFileType = sourcecode.swift; path = GameViewController.swift; sourceTree = "<group>"; };
		98F5D9F91A35081C00140BED /* Base */ = {isa = PBXFileReference; lastKnownFileType = file.storyboard; name = Base; path = Base.lproj/Main.storyboard; sourceTree = "<group>"; };
		98F5D9FB1A35081C00140BED /* Images.xcassets */ = {isa = PBXFileReference; lastKnownFileType = folder.assetcatalog; path = Images.xcassets; sourceTree = "<group>"; };
		98F5D9FE1A35081C00140BED /* Base */ = {isa = PBXFileReference; lastKnownFileType = file.xib; name = Base; path = Base.lproj/LaunchScreen.xib; sourceTree = "<group>"; };
		98F5DA041A35081C00140BED /* SwiftrisTests.xctest */ = {isa = PBXFileReference; explicitFileType = wrapper.cfbundle; includeInIndex = 0; path = SwiftrisTests.xctest; sourceTree = BUILT_PRODUCTS_DIR; };
		98F5DA091A35081C00140BED /* Info.plist */ = {isa = PBXFileReference; lastKnownFileType = text.plist.xml; path = Info.plist; sourceTree = "<group>"; };
		98F5DA0A1A35081C00140BED /* SwiftrisTests.swift */ = {isa = PBXFileReference; lastKnownFileType = sourcecode.swift; path = SwiftrisTests.swift; sourceTree = "<group>"; };
/* End PBXFileReference section */

/* Begin PBXFrameworksBuildPhase section */
		98F5D9E81A35081C00140BED /* Frameworks */ = {
			isa = PBXFrameworksBuildPhase;
			buildActionMask = 2147483647;
			files = (
			);
			runOnlyForDeploymentPostprocessing = 0;
		};
		98F5DA011A35081C00140BED /* Frameworks */ = {
			isa = PBXFrameworksBuildPhase;
			buildActionMask = 2147483647;
			files = (
			);
			runOnlyForDeploymentPostprocessing = 0;
		};
/* End PBXFrameworksBuildPhase section */

/* Begin PBXGroup section */
		98F5D9E21A35081C00140BED = {
			isa = PBXGroup;
			children = (
				98F5D9ED1A35081C00140BED /* Swiftris */,
				98F5DA071A35081C00140BED /* SwiftrisTests */,
				98F5D9EC1A35081C00140BED /* Products */,
			);
			sourceTree = "<group>";
		};
		98F5D9EC1A35081C00140BED /* Products */ = {
			isa = PBXGroup;
			children = (
				98F5D9EB1A35081C00140BED /* Swiftris.app */,
				98F5DA041A35081C00140BED /* SwiftrisTests.xctest */,
			);
			name = Products;
			sourceTree = "<group>";
		};
		98F5D9ED1A35081C00140BED /* Swiftris */ = {
			isa = PBXGroup;
			children = (
				98F5D9F01A35081C00140BED /* AppDelegate.swift */,
				98F5D9F21A35081C00140BED /* GameScene.sks */,
				98F5D9F41A35081C00140BED /* GameScene.swift */,
				98F5D9F61A35081C00140BED /* GameViewController.swift */,
				98F5D9F81A35081C00140BED /* Main.storyboard */,
				98F5D9FB1A35081C00140BED /* Images.xcassets */,
				98F5D9FD1A35081C00140BED /* LaunchScreen.xib */,
				98F5D9EE1A35081C00140BED /* Supporting Files */,
			);
			path = Swiftris;
			sourceTree = "<group>";
		};
		98F5D9EE1A35081C00140BED /* Supporting Files */ = {
			isa = PBXGroup;
			children = (
				98F5D9EF1A35081C00140BED /* Info.plist */,
			);
			name = "Supporting Files";
			sourceTree = "<group>";
		};
		98F5DA071A35081C00140BED /* SwiftrisTests */ = {
			isa = PBXGroup;
			children = (
				98F5DA0A1A35081C00140BED /* SwiftrisTests.swift */,
				98F5DA081A35081C00140BED /* Supporting Files */,
			);
			path = SwiftrisTests;
			sourceTree = "<group>";
		};
		98F5DA081A35081C00140BED /* Supporting Files */ = {
			isa = PBXGroup;
			children = (
				98F5DA091A35081C00140BED /* Info.plist */,
			);
			name = "Supporting Files";
			sourceTree = "<group>";
		};
/* End PBXGroup section */

/* Begin PBXNativeTarget section */
		98F5D9EA1A35081C00140BED /* Swiftris */ = {
			isa = PBXNativeTarget;
			buildConfigurationList = 98F5DA0E1A35081C00140BED /* Build configuration list for PBXNativeTarget "Swiftris" */;
			buildPhases = (
				98F5D9E71A35081C00140BED /* Sources */,
				98F5D9E81A35081C00140BED /* Frameworks */,
				98F5D9E91A35081C00140BED /* Resources */,
			);
			buildRules = (
			);
			dependencies = (
			);
			name = Swiftris;
			productName = Swiftris;
			productReference = 98F5D9EB1A35081C00140BED /* Swiftris.app */;
			productType = "com.apple.product-type.application";
		};
		98F5DA031A35081C00140BED /* SwiftrisTests */ = {
			isa = PBXNativeTarget;
			buildConfigurationList = 98F5DA111A35081C00140BED /* Build configuration list for PBXNativeTarget "SwiftrisTests" */;
			buildPhases = (
				98F5DA001A35081C00140BED /* Sources */,
				98F5DA011A35081C00140BED /* Frameworks */,
				98F5DA021A35081C00140BED /* Resources */,
			);
			buildRules = (
			);
			dependencies = (
				98F5DA061A35081C00140BED /* PBXTargetDependency */,
			);
			name = SwiftrisTests;
			productName = SwiftrisTests;
			productReference = 98F5DA041A35081C00140BED /* SwiftrisTests.xctest */;
			productType = "com.apple.product-type.bundle.unit-test";
		};
/* End PBXNativeTarget section */

/* Begin PBXProject section */
		98F5D9E31A35081C00140BED /* Project object */ = {
			isa = PBXProject;
			attributes = {
				LastUpgradeCheck = 0610;
				ORGANIZATIONNAME = Me;
				TargetAttributes = {
					98F5D9EA1A35081C00140BED = {
						CreatedOnToolsVersion = 6.1.1;
					};
					98F5DA031A35081C00140BED = {
						CreatedOnToolsVersion = 6.1.1;
						TestTargetID = 98F5D9EA1A35081C00140BED;
					};
				};
			};
			buildConfigurationList = 98F5D9E61A35081C00140BED /* Build configuration list for PBXProject "Swiftris" */;
			compatibilityVersion = "Xcode 3.2";
			developmentRegion = English;
			hasScannedForEncodings = 0;
			knownRegions = (
				en,
				Base,
			);
			mainGroup = 98F5D9E21A35081C00140BED;
			productRefGroup = 98F5D9EC1A35081C00140BED /* Products */;
			projectDirPath = "";
			projectRoot = "";
			targets = (
				98F5D9EA1A35081C00140BED /* Swiftris */,
				98F5DA031A35081C00140BED /* SwiftrisTests */,
			);
		};
/* End PBXProject section */

/* Begin PBXResourcesBuildPhase section */
		98F5D9E91A35081C00140BED /* Resources */ = {
			isa = PBXResourcesBuildPhase;
			buildActionMask = 2147483647;
			files = (
				98F5D9FF1A35081C00140BED /* LaunchScreen.xib in Resources */,
				98F5D9FC1A35081C00140BED /* Images.xcassets in Resources */,
				98F5D9F31A35081C00140BED /* GameScene.sks in Resources */,
				98F5D9FA1A35081C00140BED /* Main.storyboard in Resources */,
			);
			runOnlyForDeploymentPostprocessing = 0;
		};
		98F5DA021A35081C00140BED /* Resources */ = {
			isa = PBXResourcesBuildPhase;
			buildActionMask = 2147483647;
			files = (
			);
			runOnlyForDeploymentPostprocessing = 0;
		};
/* End PBXResourcesBuildPhase section */

/* Begin PBXSourcesBuildPhase section */
		98F5D9E71A35081C00140BED /* Sources */ = {
			isa = PBXSourcesBuildPhase;
			buildActionMask = 2147483647;
			files = (
				98F5D9F51A35081C00140BED /* GameScene.swift in Sources */,
				98F5D9F71A35081C00140BED /* GameViewController.swift in Sources */,
				98F5D9F11A35081C00140BED /* AppDelegate.swift in Sources */,
			);
			runOnlyForDeploymentPostprocessing = 0;
		};
		98F5DA001A35081C00140BED /* Sources */ = {
			isa = PBXSourcesBuildPhase;
			buildActionMask = 2147483647;
			files = (
				98F5DA0B1A35081C00140BED /* SwiftrisTests.swift in Sources */,
			);
			runOnlyForDeploymentPostprocessing = 0;
		};
/* End PBXSourcesBuildPhase section */

/* Begin PBXTargetDependency section */
		98F5DA061A35081C00140BED /* PBXTargetDependency */ = {
			isa = PBXTargetDependency;
			target = 98F5D9EA1A35081C00140BED /* Swiftris */;
			targetProxy = 98F5DA051A35081C00140BED /* PBXContainerItemProxy */;
		};
/* End PBXTargetDependency section */

/* Begin PBXVariantGroup section */
		98F5D9F81A35081C00140BED /* Main.storyboard */ = {
			isa = PBXVariantGroup;
			children = (
				98F5D9F91A35081C00140BED /* Base */,
			);
			name = Main.storyboard;
			sourceTree = "<group>";
		};
		98F5D9FD1A35081C00140BED /* LaunchScreen.xib */ = {
			isa = PBXVariantGroup;
			children = (
				98F5D9FE1A35081C00140BED /* Base */,
			);
			name = LaunchScreen.xib;
			sourceTree = "<group>";
		};
/* End PBXVariantGroup section */

/* Begin XCBuildConfiguration section */
		98F5DA0C1A35081C00140BED /* Debug */ = {
			isa = XCBuildConfiguration;
			buildSettings = {
				ALWAYS_SEARCH_USER_PATHS = NO;
				CLANG_CXX_LANGUAGE_STANDARD = "gnu++0x";
				CLANG_CXX_LIBRARY = "libc++";
				CLANG_ENABLE_MODULES = YES;
				CLANG_ENABLE_OBJC_ARC = YES;
				CLANG_WARN_BOOL_CONVERSION = YES;
				CLANG_WARN_CONSTANT_CONVERSION = YES;
				CLANG_WARN_DIRECT_OBJC_ISA_USAGE = YES_ERROR;
				CLANG_WARN_EMPTY_BODY = YES;
				CLANG_WARN_ENUM_CONVERSION = YES;
				CLANG_WARN_INT_CONVERSION = YES;
				CLANG_WARN_OBJC_ROOT_CLASS = YES_ERROR;
				CLANG_WARN_UNREACHABLE_CODE = YES;
				CLANG_WARN__DUPLICATE_METHOD_MATCH = YES;
				"CODE_SIGN_IDENTITY[sdk=iphoneos*]" = "iPhone Developer";
				COPY_PHASE_STRIP = NO;
				ENABLE_STRICT_OBJC_MSGSEND = YES;
				GCC_C_LANGUAGE_STANDARD = gnu99;
				GCC_DYNAMIC_NO_PIC = NO;
				GCC_OPTIMIZATION_LEVEL = 0;
				GCC_PREPROCESSOR_DEFINITIONS = (
					"DEBUG=1",
					"$(inherited)",
				);
				GCC_SYMBOLS_PRIVATE_EXTERN = NO;
				GCC_WARN_64_TO_32_BIT_CONVERSION = YES;
				GCC_WARN_ABOUT_RETURN_TYPE = YES_ERROR;
				GCC_WARN_UNDECLARED_SELECTOR = YES;
				GCC_WARN_UNINITIALIZED_AUTOS = YES_AGGRESSIVE;
				GCC_WARN_UNUSED_FUNCTION = YES;
				GCC_WARN_UNUSED_VARIABLE = YES;
				IPHONEOS_DEPLOYMENT_TARGET = 8.1;
				MTL_ENABLE_DEBUG_INFO = YES;
				ONLY_ACTIVE_ARCH = YES;
				SDKROOT = iphoneos;
				SWIFT_OPTIMIZATION_LEVEL = "-Onone";
			};
			name = Debug;
		};
		98F5DA0D1A35081C00140BED /* Release */ = {
			isa = XCBuildConfiguration;
			buildSettings = {
				ALWAYS_SEARCH_USER_PATHS = NO;
				CLANG_CXX_LANGUAGE_STANDARD = "gnu++0x";
				CLANG_CXX_LIBRARY = "libc++";
				CLANG_ENABLE_MODULES = YES;
				CLANG_ENABLE_OBJC_ARC = YES;
				CLANG_WARN_BOOL_CONVERSION = YES;
				CLANG_WARN_CONSTANT_CONVERSION = YES;
				CLANG_WARN_DIRECT_OBJC_ISA_USAGE = YES_ERROR;
				CLANG_WARN_EMPTY_BODY = YES;
				CLANG_WARN_ENUM_CONVERSION = YES;
				CLANG_WARN_INT_CONVERSION = YES;
				CLANG_WARN_OBJC_ROOT_CLASS = YES_ERROR;
				CLANG_WARN_UNREACHABLE_CODE = YES;
				CLANG_WARN__DUPLICATE_METHOD_MATCH = YES;
				"CODE_SIGN_IDENTITY[sdk=iphoneos*]" = "iPhone Developer";
				COPY_PHASE_STRIP = YES;
				ENABLE_NS_ASSERTIONS = NO;
				ENABLE_STRICT_OBJC_MSGSEND = YES;
				GCC_C_LANGUAGE_STANDARD = gnu99;
				GCC_WARN_64_TO_32_BIT_CONVERSION = YES;
				GCC_WARN_ABOUT_RETURN_TYPE = YES_ERROR;
				GCC_WARN_UNDECLARED_SELECTOR = YES;
				GCC_WARN_UNINITIALIZED_AUTOS = YES_AGGRESSIVE;
				GCC_WARN_UNUSED_FUNCTION = YES;
				GCC_WARN_UNUSED_VARIABLE = YES;
				IPHONEOS_DEPLOYMENT_TARGET = 8.1;
				MTL_ENABLE_DEBUG_INFO = NO;
				SDKROOT = iphoneos;
				VALIDATE_PRODUCT = YES;
			};
			name = Release;
		};
		98F5DA0F1A35081C00140BED /* Debug */ = {
			isa = XCBuildConfiguration;
			buildSettings = {
				ASSETCATALOG_COMPILER_APPICON_NAME = AppIcon;
				INFOPLIST_FILE = Swiftris/Info.plist;
				LD_RUNPATH_SEARCH_PATHS = "$(inherited) @executable_path/Frameworks";
				PRODUCT_NAME = "$(TARGET_NAME)";
			};
			name = Debug;
		};
		98F5DA101A35081C00140BED /* Release */ = {
			isa = XCBuildConfiguration;
			buildSettings = {
				ASSETCATALOG_COMPILER_APPICON_NAME = AppIcon;
				INFOPLIST_FILE = Swiftris/Info.plist;
				LD_RUNPATH_SEARCH_PATHS = "$(inherited) @executable_path/Frameworks";
				PRODUCT_NAME = "$(TARGET_NAME)";
			};
			name = Release;
		};
		98F5DA121A35081C00140BED /* Debug */ = {
			isa = XCBuildConfiguration;
			buildSettings = {
				BUNDLE_LOADER = "$(TEST_HOST)";
				FRAMEWORK_SEARCH_PATHS = (
					"$(SDKROOT)/Developer/Library/Frameworks",
					"$(inherited)",
				);
				GCC_PREPROCESSOR_DEFINITIONS = (
					"DEBUG=1",
					"$(inherited)",
				);
				INFOPLIST_FILE = SwiftrisTests/Info.plist;
				LD_RUNPATH_SEARCH_PATHS = "$(inherited) @executable_path/Frameworks @loader_path/Frameworks";
				PRODUCT_NAME = "$(TARGET_NAME)";
				TEST_HOST = "$(BUILT_PRODUCTS_DIR)/Swiftris.app/Swiftris";
			};
			name = Debug;
		};
		98F5DA131A35081C00140BED /* Release */ = {
			isa = XCBuildConfiguration;
			buildSettings = {
				BUNDLE_LOADER = "$(TEST_HOST)";
				FRAMEWORK_SEARCH_PATHS = (
					"$(SDKROOT)/Developer/Library/Frameworks",
					"$(inherited)",
				);
				INFOPLIST_FILE = SwiftrisTests/Info.plist;
				LD_RUNPATH_SEARCH_PATHS = "$(inherited) @executable_path/Frameworks @loader_path/Frameworks";
				PRODUCT_NAME = "$(TARGET_NAME)";
				TEST_HOST = "$(BUILT_PRODUCTS_DIR)/Swiftris.app/Swiftris";
			};
			name = Release;
		};
/* End XCBuildConfiguration section */

/* Begin XCConfigurationList section */
		98F5D9E61A35081C00140BED /* Build configuration list for PBXProject "Swiftris" */ = {
			isa = XCConfigurationList;
			buildConfigurations = (
				98F5DA0C1A35081C00140BED /* Debug */,
				98F5DA0D1A35081C00140BED /* Release */,
			);
			defaultConfigurationIsVisible = 0;
			defaultConfigurationName = Release;
		};
		98F5DA0E1A35081C00140BED /* Build configuration list for PBXNativeTarget "Swiftris" */ = {
			isa = XCConfigurationList;
			buildConfigurations = (
				98F5DA0F1A35081C00140BED /* Debug */,
				98F5DA101A35081C00140BED /* Release */,
			);
			defaultConfigurationIsVisible = 0;
		};
		98F5DA111A35081C00140BED /* Build configuration list for PBXNativeTarget "SwiftrisTests" */ = {
			isa = XCConfigurationList;
			buildConfigurations = (
				98F5DA121A35081C00140BED /* Debug */,
				98F5DA131A35081C00140BED /* Release */,
			);
			defaultConfigurationIsVisible = 0;
		};
/* End XCConfigurationList section */
	};
	rootObject = 98F5D9E31A35081C00140BED /* Project object */;
}
